
Microsoft Visual Studio Solution File, Format Version 12.00
# Visual Studio Version 17
VisualStudioVersion = 17.11.35219.272
MinimumVisualStudioVersion = 10.0.40219.1
Project("{FAE04EC0-301F-11D3-BF4B-00C04F79EFBC}") = "BaiTap02", "BaiTap02.csproj", "{D4E15787-F7D6-4DFD-B633-24419860A58B}"
EndProject
Global
	GlobalSection(SolutionConfigurationPlatforms) = preSolution
		Debug|Any CPU = Debug|Any CPU
		Release|Any CPU = Release|Any CPU
	EndGlobalSection
	GlobalSection(ProjectConfigurationPlatforms) = postSolution
		{D4E15787-F7D6-4DFD-B633-24419860A58B}.Debug|Any CPU.ActiveCfg = Debug|Any CPU
		{D4E15787-F7D6-4DFD-B633-24419860A58B}.Debug|Any CPU.Build.0 = Debug|Any CPU
		{D4E15787-F7D6-4DFD-B633-24419860A58B}.Release|Any CPU.ActiveCfg = Release|Any CPU
		{D4E15787-F7D6-4DFD-B633-24419860A58B}.Release|Any CPU.Build.0 = Release|Any CPU
	EndGlobalSection
	GlobalSection(SolutionProperties) = preSolution
		HideSolutionNode = FALSE
	EndGlobalSection
	GlobalSection(ExtensibilityGlobals) = postSolution
		SolutionGuid = {62FB1DE6-29F6-4FC1-B8A5-F0474A8A3FA6}
	EndGlobalSection
EndGlobal
