
Microsoft Visual Studio Solution File, Format Version 12.00
# Visual Studio Version 17
VisualStudioVersion = 17.11.35219.272
MinimumVisualStudioVersion = 10.0.40219.1
Project("{FAE04EC0-301F-11D3-BF4B-00C04F79EFBC}") = "projectA", "projectA.csproj", "{8B37EF9C-607D-42C3-AF8A-4B980F41F43B}"
EndProject
Global
	GlobalSection(SolutionConfigurationPlatforms) = preSolution
		Debug|Any CPU = Debug|Any CPU
		Release|Any CPU = Release|Any CPU
	EndGlobalSection
	GlobalSection(ProjectConfigurationPlatforms) = postSolution
		{8B37EF9C-607D-42C3-AF8A-4B980F41F43B}.Debug|Any CPU.ActiveCfg = Debug|Any CPU
		{8B37EF9C-607D-42C3-AF8A-4B980F41F43B}.Debug|Any CPU.Build.0 = Debug|Any CPU
		{8B37EF9C-607D-42C3-AF8A-4B980F41F43B}.Release|Any CPU.ActiveCfg = Release|Any CPU
		{8B37EF9C-607D-42C3-AF8A-4B980F41F43B}.Release|Any CPU.Build.0 = Release|Any CPU
	EndGlobalSection
	GlobalSection(SolutionProperties) = preSolution
		HideSolutionNode = FALSE
	EndGlobalSection
	GlobalSection(ExtensibilityGlobals) = postSolution
		SolutionGuid = {7C96D609-5003-4551-879C-8C9F945DB03F}
	EndGlobalSection
EndGlobal
